// !$*UTF8*$!
{
	archiveVersion = 1;
	classes = {
	};
	objectVersion = 56;
	objects = {

/* Begin PBXBuildFile section */
		654C9C222B25210A00CF2C54 /* AppDelegate.swift in Sources */ = {isa = PBXBuildFile; fileRef = 654C9C212B25210A00CF2C54 /* AppDelegate.swift */; };
		654C9C242B25210A00CF2C54 /* SceneDelegate.swift in Sources */ = {isa = PBXBuildFile; fileRef = 654C9C232B25210A00CF2C54 /* SceneDelegate.swift */; };
		654C9C262B25210A00CF2C54 /* ViewController.swift in Sources */ = {isa = PBXBuildFile; fileRef = 654C9C252B25210A00CF2C54 /* ViewController.swift */; };
		654C9C292B25210A00CF2C54 /* Main.storyboard in Resources */ = {isa = PBXBuildFile; fileRef = 654C9C272B25210A00CF2C54 /* Main.storyboard */; };
		654C9C2B2B25210B00CF2C54 /* Assets.xcassets in Resources */ = {isa = PBXBuildFile; fileRef = 654C9C2A2B25210B00CF2C54 /* Assets.xcassets */; };
		654C9C2E2B25210B00CF2C54 /* LaunchScreen.storyboard in Resources */ = {isa = PBXBuildFile; fileRef = 654C9C2C2B25210B00CF2C54 /* LaunchScreen.storyboard */; };
		654C9C372B2525F200CF2C54 /* SeattleTableViewCell.swift in Sources */ = {isa = PBXBuildFile; fileRef = 654C9C352B2525F200CF2C54 /* SeattleTableViewCell.swift */; };
		654C9C382B2525F200CF2C54 /* SeattleTableViewCell.xib in Resources */ = {isa = PBXBuildFile; fileRef = 654C9C362B2525F200CF2C54 /* SeattleTableViewCell.xib */; };
/* End PBXBuildFile section */

/* Begin PBXFileReference section */
		654C9C1E2B25210A00CF2C54 /* SeattleView.app */ = {isa = PBXFileReference; explicitFileType = wrapper.application; includeInIndex = 0; path = SeattleView.app; sourceTree = BUILT_PRODUCTS_DIR; };
		654C9C212B25210A00CF2C54 /* AppDelegate.swift */ = {isa = PBXFileReference; lastKnownFileType = sourcecode.swift; path = AppDelegate.swift; sourceTree = "<group>"; };
		654C9C232B25210A00CF2C54 /* SceneDelegate.swift */ = {isa = PBXFileReference; lastKnownFileType = sourcecode.swift; path = SceneDelegate.swift; sourceTree = "<group>"; };
		654C9C252B25210A00CF2C54 /* ViewController.swift */ = {isa = PBXFileReference; lastKnownFileType = sourcecode.swift; path = ViewController.swift; sourceTree = "<group>"; };
		654C9C282B25210A00CF2C54 /* Base */ = {isa = PBXFileReference; lastKnownFileType = file.storyboard; name = Base; path = Base.lproj/Main.storyboard; sourceTree = "<group>"; };
		654C9C2A2B25210B00CF2C54 /* Assets.xcassets */ = {isa = PBXFileReference; lastKnownFileType = folder.assetcatalog; path = Assets.xcassets; sourceTree = "<group>"; };
		654C9C2D2B25210B00CF2C54 /* Base */ = {isa = PBXFileReference; lastKnownFileType = file.storyboard; name = Base; path = Base.lproj/LaunchScreen.storyboard; sourceTree = "<group>"; };
		654C9C2F2B25210B00CF2C54 /* Info.plist */ = {isa = PBXFileReference; lastKnownFileType = text.plist.xml; path = Info.plist; sourceTree = "<group>"; };
		654C9C352B2525F200CF2C54 /* SeattleTableViewCell.swift */ = {isa = PBXFileReference; lastKnownFileType = sourcecode.swift; path = SeattleTableViewCell.swift; sourceTree = "<group>"; };
		654C9C362B2525F200CF2C54 /* SeattleTableViewCell.xib */ = {isa = PBXFileReference; lastKnownFileType = file.xib; path = SeattleTableViewCell.xib; sourceTree = "<group>"; };
/* End PBXFileReference section */

/* Begin PBXFrameworksBuildPhase section */
		654C9C1B2B25210A00CF2C54 /* Frameworks */ = {
			isa = PBXFrameworksBuildPhase;
			buildActionMask = 2147483647;
			files = (
			);
			runOnlyForDeploymentPostprocessing = 0;
		};
/* End PBXFrameworksBuildPhase section */

/* Begin PBXGroup section */
		654C9C152B25210A00CF2C54 = {
			isa = PBXGroup;
			children = (
				654C9C202B25210A00CF2C54 /* SeattleView */,
				654C9C1F2B25210A00CF2C54 /* Products */,
			);
			sourceTree = "<group>";
		};
		654C9C1F2B25210A00CF2C54 /* Products */ = {
			isa = PBXGroup;
			children = (
				654C9C1E2B25210A00CF2C54 /* SeattleView.app */,
			);
			name = Products;
			sourceTree = "<group>";
		};
		654C9C202B25210A00CF2C54 /* SeattleView */ = {
			isa = PBXGroup;
			children = (
				654C9C212B25210A00CF2C54 /* AppDelegate.swift */,
				654C9C232B25210A00CF2C54 /* SceneDelegate.swift */,
				654C9C252B25210A00CF2C54 /* ViewController.swift */,
				654C9C272B25210A00CF2C54 /* Main.storyboard */,
				654C9C2A2B25210B00CF2C54 /* Assets.xcassets */,
				654C9C2C2B25210B00CF2C54 /* LaunchScreen.storyboard */,
				654C9C2F2B25210B00CF2C54 /* Info.plist */,
				654C9C352B2525F200CF2C54 /* SeattleTableViewCell.swift */,
				654C9C362B2525F200CF2C54 /* SeattleTableViewCell.xib */,
			);
			path = SeattleView;
			sourceTree = "<group>";
		};
/* End PBXGroup section */

/* Begin PBXNativeTarget section */
		654C9C1D2B25210A00CF2C54 /* SeattleView */ = {
			isa = PBXNativeTarget;
			buildConfigurationList = 654C9C322B25210B00CF2C54 /* Build configuration list for PBXNativeTarget "SeattleView" */;
			buildPhases = (
				654C9C1A2B25210A00CF2C54 /* Sources */,
				654C9C1B2B25210A00CF2C54 /* Frameworks */,
				654C9C1C2B25210A00CF2C54 /* Resources */,
			);
			buildRules = (
			);
			dependencies = (
			);
			name = SeattleView;
			productName = SeattleView;
			productReference = 654C9C1E2B25210A00CF2C54 /* SeattleView.app */;
			productType = "com.apple.product-type.application";
		};
/* End PBXNativeTarget section */

/* Begin PBXProject section */
		654C9C162B25210A00CF2C54 /* Project object */ = {
			isa = PBXProject;
			attributes = {
				BuildIndependentTargetsInParallel = 1;
				LastSwiftUpdateCheck = 1500;
				LastUpgradeCheck = 1500;
				TargetAttributes = {
					654C9C1D2B25210A00CF2C54 = {
						CreatedOnToolsVersion = 15.0.1;
					};
				};
			};
			buildConfigurationList = 654C9C192B25210A00CF2C54 /* Build configuration list for PBXProject "SeattleView" */;
			compatibilityVersion = "Xcode 14.0";
			developmentRegion = en;
			hasScannedForEncodings = 0;
			knownRegions = (
				en,
				Base,
			);
			mainGroup = 654C9C152B25210A00CF2C54;
			productRefGroup = 654C9C1F2B25210A00CF2C54 /* Products */;
			projectDirPath = "";
			projectRoot = "";
			targets = (
				654C9C1D2B25210A00CF2C54 /* SeattleView */,
			);
		};
/* End PBXProject section */

/* Begin PBXResourcesBuildPhase section */
		654C9C1C2B25210A00CF2C54 /* Resources */ = {
			isa = PBXResourcesBuildPhase;
			buildActionMask = 2147483647;
			files = (
				654C9C2E2B25210B00CF2C54 /* LaunchScreen.storyboard in Resources */,
				654C9C2B2B25210B00CF2C54 /* Assets.xcassets in Resources */,
				654C9C382B2525F200CF2C54 /* SeattleTableViewCell.xib in Resources */,
				654C9C292B25210A00CF2C54 /* Main.storyboard in Resources */,
			);
			runOnlyForDeploymentPostprocessing = 0;
		};
/* End PBXResourcesBuildPhase section */

/* Begin PBXSourcesBuildPhase section */
		654C9C1A2B25210A00CF2C54 /* Sources */ = {
			isa = PBXSourcesBuildPhase;
			buildActionMask = 2147483647;
			files = (
				654C9C262B25210A00CF2C54 /* ViewController.swift in Sources */,
				654C9C222B25210A00CF2C54 /* AppDelegate.swift in Sources */,
				654C9C372B2525F200CF2C54 /* SeattleTableViewCell.swift in Sources */,
				654C9C242B25210A00CF2C54 /* SceneDelegate.swift in Sources */,
			);
			runOnlyForDeploymentPostprocessing = 0;
		};
/* End PBXSourcesBuildPhase section */

/* Begin PBXVariantGroup section */
		654C9C272B25210A00CF2C54 /* Main.storyboard */ = {
			isa = PBXVariantGroup;
			children = (
				654C9C282B25210A00CF2C54 /* Base */,
			);
			name = Main.storyboard;
			sourceTree = "<group>";
		};
		654C9C2C2B25210B00CF2C54 /* LaunchScreen.storyboard */ = {
			isa = PBXVariantGroup;
			children = (
				654C9C2D2B25210B00CF2C54 /* Base */,
			);
			name = LaunchScreen.storyboard;
			sourceTree = "<group>";
		};
/* End PBXVariantGroup section */

/* Begin XCBuildConfiguration section */
		654C9C302B25210B00CF2C54 /* Debug */ = {
			isa = XCBuildConfiguration;
			buildSettings = {
				ALWAYS_SEARCH_USER_PATHS = NO;
				ASSETCATALOG_COMPILER_GENERATE_SWIFT_ASSET_SYMBOL_EXTENSIONS = YES;
				CLANG_ANALYZER_NONNULL = YES;
				CLANG_ANALYZER_NUMBER_OBJECT_CONVERSION = YES_AGGRESSIVE;
				CLANG_CXX_LANGUAGE_STANDARD = "gnu++20";
				CLANG_ENABLE_MODULES = YES;
				CLANG_ENABLE_OBJC_ARC = YES;
				CLANG_ENABLE_OBJC_WEAK = YES;
				CLANG_WARN_BLOCK_CAPTURE_AUTORELEASING = YES;
				CLANG_WARN_BOOL_CONVERSION = YES;
				CLANG_WARN_COMMA = YES;
				CLANG_WARN_CONSTANT_CONVERSION = YES;
				CLANG_WARN_DEPRECATED_OBJC_IMPLEMENTATIONS = YES;
				CLANG_WARN_DIRECT_OBJC_ISA_USAGE = YES_ERROR;
				CLANG_WARN_DOCUMENTATION_COMMENTS = YES;
				CLANG_WARN_EMPTY_BODY = YES;
				CLANG_WARN_ENUM_CONVERSION = YES;
				CLANG_WARN_INFINITE_RECURSION = YES;
				CLANG_WARN_INT_CONVERSION = YES;
				CLANG_WARN_NON_LITERAL_NULL_CONVERSION = YES;
				CLANG_WARN_OBJC_IMPLICIT_RETAIN_SELF = YES;
				CLANG_WARN_OBJC_LITERAL_CONVERSION = YES;
				CLANG_WARN_OBJC_ROOT_CLASS = YES_ERROR;
				CLANG_WARN_QUOTED_INCLUDE_IN_FRAMEWORK_HEADER = YES;
				CLANG_WARN_RANGE_LOOP_ANALYSIS = YES;
				CLANG_WARN_STRICT_PROTOTYPES = YES;
				CLANG_WARN_SUSPICIOUS_MOVE = YES;
				CLANG_WARN_UNGUARDED_AVAILABILITY = YES_AGGRESSIVE;
				CLANG_WARN_UNREACHABLE_CODE = YES;
				CLANG_WARN__DUPLICATE_METHOD_MATCH = YES;
				COPY_PHASE_STRIP = NO;
				DEBUG_INFORMATION_FORMAT = dwarf;
				ENABLE_STRICT_OBJC_MSGSEND = YES;
				ENABLE_TESTABILITY = YES;
				ENABLE_USER_SCRIPT_SANDBOXING = YES;
				GCC_C_LANGUAGE_STANDARD = gnu17;
				GCC_DYNAMIC_NO_PIC = NO;
				GCC_NO_COMMON_BLOCKS = YES;
				GCC_OPTIMIZATION_LEVEL = 0;
				GCC_PREPROCESSOR_DEFINITIONS = (
					"DEBUG=1",
					"$(inherited)",
				);
				GCC_WARN_64_TO_32_BIT_CONVERSION = YES;
				GCC_WARN_ABOUT_RETURN_TYPE = YES_ERROR;
				GCC_WARN_UNDECLARED_SELECTOR = YES;
				GCC_WARN_UNINITIALIZED_AUTOS = YES_AGGRESSIVE;
				GCC_WARN_UNUSED_FUNCTION = YES;
				GCC_WARN_UNUSED_VARIABLE = YES;
				IPHONEOS_DEPLOYMENT_TARGET = 17.0;
				LOCALIZATION_PREFERS_STRING_CATALOGS = YES;
				MTL_ENABLE_DEBUG_INFO = INCLUDE_SOURCE;
				MTL_FAST_MATH = YES;
				ONLY_ACTIVE_ARCH = YES;
				SDKROOT = iphoneos;
				SWIFT_ACTIVE_COMPILATION_CONDITIONS = "DEBUG $(inherited)";
				SWIFT_OPTIMIZATION_LEVEL = "-Onone";
			};
			name = Debug;
		};
		654C9C312B25210B00CF2C54 /* Release */ = {
			isa = XCBuildConfiguration;
			buildSettings = {
				ALWAYS_SEARCH_USER_PATHS = NO;
				ASSETCATALOG_COMPILER_GENERATE_SWIFT_ASSET_SYMBOL_EXTENSIONS = YES;
				CLANG_ANALYZER_NONNULL = YES;
				CLANG_ANALYZER_NUMBER_OBJECT_CONVERSION = YES_AGGRESSIVE;
				CLANG_CXX_LANGUAGE_STANDARD = "gnu++20";
				CLANG_ENABLE_MODULES = YES;
				CLANG_ENABLE_OBJC_ARC = YES;
				CLANG_ENABLE_OBJC_WEAK = YES;
				CLANG_WARN_BLOCK_CAPTURE_AUTORELEASING = YES;
				CLANG_WARN_BOOL_CONVERSION = YES;
				CLANG_WARN_COMMA = YES;
				CLANG_WARN_CONSTANT_CONVERSION = YES;
				CLANG_WARN_DEPRECATED_OBJC_IMPLEMENTATIONS = YES;
				CLANG_WARN_DIRECT_OBJC_ISA_USAGE = YES_ERROR;
				CLANG_WARN_DOCUMENTATION_COMMENTS = YES;
				CLANG_WARN_EMPTY_BODY = YES;
				CLANG_WARN_ENUM_CONVERSION = YES;
				CLANG_WARN_INFINITE_RECURSION = YES;
				CLANG_WARN_INT_CONVERSION = YES;
				CLANG_WARN_NON_LITERAL_NULL_CONVERSION = YES;
				CLANG_WARN_OBJC_IMPLICIT_RETAIN_SELF = YES;
				CLANG_WARN_OBJC_LITERAL_CONVERSION = YES;
				CLANG_WARN_OBJC_ROOT_CLASS = YES_ERROR;
				CLANG_WARN_QUOTED_INCLUDE_IN_FRAMEWORK_HEADER = YES;
				CLANG_WARN_RANGE_LOOP_ANALYSIS = YES;
				CLANG_WARN_STRICT_PROTOTYPES = YES;
				CLANG_WARN_SUSPICIOUS_MOVE = YES;
				CLANG_WARN_UNGUARDED_AVAILABILITY = YES_AGGRESSIVE;
				CLANG_WARN_UNREACHABLE_CODE = YES;
				CLANG_WARN__DUPLICATE_METHOD_MATCH = YES;
				COPY_PHASE_STRIP = NO;
				DEBUG_INFORMATION_FORMAT = "dwarf-with-dsym";
				ENABLE_NS_ASSERTIONS = NO;
				ENABLE_STRICT_OBJC_MSGSEND = YES;
				ENABLE_USER_SCRIPT_SANDBOXING = YES;
				GCC_C_LANGUAGE_STANDARD = gnu17;
				GCC_NO_COMMON_BLOCKS = YES;
				GCC_WARN_64_TO_32_BIT_CONVERSION = YES;
				GCC_WARN_ABOUT_RETURN_TYPE = YES_ERROR;
				GCC_WARN_UNDECLARED_SELECTOR = YES;
				GCC_WARN_UNINITIALIZED_AUTOS = YES_AGGRESSIVE;
				GCC_WARN_UNUSED_FUNCTION = YES;
				GCC_WARN_UNUSED_VARIABLE = YES;
				IPHONEOS_DEPLOYMENT_TARGET = 17.0;
				LOCALIZATION_PREFERS_STRING_CATALOGS = YES;
				MTL_ENABLE_DEBUG_INFO = NO;
				MTL_FAST_MATH = YES;
				SDKROOT = iphoneos;
				SWIFT_COMPILATION_MODE = wholemodule;
				VALIDATE_PRODUCT = YES;
			};
			name = Release;
		};
		654C9C332B25210B00CF2C54 /* Debug */ = {
			isa = XCBuildConfiguration;
			buildSettings = {
				ASSETCATALOG_COMPILER_APPICON_NAME = AppIcon;
				ASSETCATALOG_COMPILER_GLOBAL_ACCENT_COLOR_NAME = AccentColor;
				CODE_SIGN_STYLE = Automatic;
				CURRENT_PROJECT_VERSION = 1;
				DEVELOPMENT_TEAM = 26A7R43RA8;
				GENERATE_INFOPLIST_FILE = YES;
				INFOPLIST_FILE = SeattleView/Info.plist;
				INFOPLIST_KEY_UIApplicationSupportsIndirectInputEvents = YES;
				INFOPLIST_KEY_UILaunchStoryboardName = LaunchScreen;
				INFOPLIST_KEY_UIMainStoryboardFile = Main;
				INFOPLIST_KEY_UISupportedInterfaceOrientations_iPad = "UIInterfaceOrientationPortrait UIInterfaceOrientationPortraitUpsideDown UIInterfaceOrientationLandscapeLeft UIInterfaceOrientationLandscapeRight";
				INFOPLIST_KEY_UISupportedInterfaceOrientations_iPhone = "UIInterfaceOrientationPortrait UIInterfaceOrientationLandscapeLeft UIInterfaceOrientationLandscapeRight";
				LD_RUNPATH_SEARCH_PATHS = (
					"$(inherited)",
					"@executable_path/Frameworks",
				);
				MARKETING_VERSION = 1.0;
				PRODUCT_BUNDLE_IDENTIFIER = edu.northeastern.ZijieGan.SeattleView;
				PRODUCT_NAME = "$(TARGET_NAME)";
				SWIFT_EMIT_LOC_STRINGS = YES;
				SWIFT_VERSION = 5.0;
				TARGETED_DEVICE_FAMILY = "1,2";
			};
			name = Debug;
		};
		654C9C342B25210B00CF2C54 /* Release */ = {
			isa = XCBuildConfiguration;
			buildSettings = {
				ASSETCATALOG_COMPILER_APPICON_NAME = AppIcon;
				ASSETCATALOG_COMPILER_GLOBAL_ACCENT_COLOR_NAME = AccentColor;
				CODE_SIGN_STYLE = Automatic;
				CURRENT_PROJECT_VERSION = 1;
				DEVELOPMENT_TEAM = 26A7R43RA8;
				GENERATE_INFOPLIST_FILE = YES;
				INFOPLIST_FILE = SeattleView/Info.plist;
				INFOPLIST_KEY_UIApplicationSupportsIndirectInputEvents = YES;
				INFOPLIST_KEY_UILaunchStoryboardName = LaunchScreen;
				INFOPLIST_KEY_UIMainStoryboardFile = Main;
				INFOPLIST_KEY_UISupportedInterfaceOrientations_iPad = "UIInterfaceOrientationPortrait UIInterfaceOrientationPortraitUpsideDown UIInterfaceOrientationLandscapeLeft UIInterfaceOrientationLandscapeRight";
				INFOPLIST_KEY_UISupportedInterfaceOrientations_iPhone = "UIInterfaceOrientationPortrait UIInterfaceOrientationLandscapeLeft UIInterfaceOrientationLandscapeRight";
				LD_RUNPATH_SEARCH_PATHS = (
					"$(inherited)",
					"@executable_path/Frameworks",
				);
				MARKETING_VERSION = 1.0;
				PRODUCT_BUNDLE_IDENTIFIER = edu.northeastern.ZijieGan.SeattleView;
				PRODUCT_NAME = "$(TARGET_NAME)";
				SWIFT_EMIT_LOC_STRINGS = YES;
				SWIFT_VERSION = 5.0;
				TARGETED_DEVICE_FAMILY = "1,2";
			};
			name = Release;
		};
/* End XCBuildConfiguration section */

/* Begin XCConfigurationList section */
		654C9C192B25210A00CF2C54 /* Build configuration list for PBXProject "SeattleView" */ = {
			isa = XCConfigurationList;
			buildConfigurations = (
				654C9C302B25210B00CF2C54 /* Debug */,
				654C9C312B25210B00CF2C54 /* Release */,
			);
			defaultConfigurationIsVisible = 0;
			defaultConfigurationName = Release;
		};
		654C9C322B25210B00CF2C54 /* Build configuration list for PBXNativeTarget "SeattleView" */ = {
			isa = XCConfigurationList;
			buildConfigurations = (
				654C9C332B25210B00CF2C54 /* Debug */,
				654C9C342B25210B00CF2C54 /* Release */,
			);
			defaultConfigurationIsVisible = 0;
			defaultConfigurationName = Release;
		};
/* End XCConfigurationList section */
	};
	rootObject = 654C9C162B25210A00CF2C54 /* Project object */;
}
